
Microsoft Visual Studio Solution File, Format Version 12.00
# Visual Studio 2013
VisualStudioVersion = 12.0.30501.0
MinimumVisualStudioVersion = 10.0.40219.1
Project("{FAE04EC0-301F-11D3-BF4B-00C04F79EFBC}") = "SPTypeScript", "SPTypeScript.csproj", "{47065B66-1DF4-4E5D-9D05-A9C4FBE84B65}"
EndProject
Project("{2150E333-8FDC-42A3-9474-1A3956D46DE8}") = "Definitions", "Definitions", "{B7240F17-25E7-49EF-BFA3-ED82AD272AEE}"
	ProjectSection(SolutionItems) = preProject
		..\Definitions\autofill.d.ts = ..\Definitions\autofill.d.ts
		..\Definitions\callout.d.ts = ..\Definitions\callout.d.ts
		..\Definitions\clientpeoplepicker.d.ts = ..\Definitions\clientpeoplepicker.d.ts
		..\Definitions\clienttemplates.d.ts = ..\Definitions\clienttemplates.d.ts
		..\Definitions\MicrosoftAjax.d.ts = ..\Definitions\MicrosoftAjax.d.ts
		..\Definitions\mQuery.d.ts = ..\Definitions\mQuery.d.ts
		..\Definitions\reputation.d.ts = ..\Definitions\reputation.d.ts
		..\Definitions\SP.BusinessData.d.ts = ..\Definitions\SP.BusinessData.d.ts
		..\Definitions\SP.d.ts = ..\Definitions\SP.d.ts
		..\Definitions\SP.DocumentManagement.d.ts = ..\Definitions\SP.DocumentManagement.d.ts
		..\Definitions\SP.Init.d.ts = ..\Definitions\SP.Init.d.ts
		..\Definitions\SP.Policy.d.ts = ..\Definitions\SP.Policy.d.ts
		..\Definitions\SP.Publishing.d.ts = ..\Definitions\SP.Publishing.d.ts
		..\Definitions\SP.RequestExecutor.d.ts = ..\Definitions\SP.RequestExecutor.d.ts
		..\Definitions\SP.Search.d.ts = ..\Definitions\SP.Search.d.ts
		..\Definitions\SP.Sharing.d.ts = ..\Definitions\SP.Sharing.d.ts
		..\Definitions\SP.Social.d.ts = ..\Definitions\SP.Social.d.ts
		..\Definitions\SP.Taxonomy.d.ts = ..\Definitions\SP.Taxonomy.d.ts
		..\Definitions\SP.UI.ApplicationPages.d.ts = ..\Definitions\SP.UI.ApplicationPages.d.ts
		..\Definitions\SP.UI.Controls.d.ts = ..\Definitions\SP.UI.Controls.d.ts
		..\Definitions\SP.UI.d.ts = ..\Definitions\SP.UI.d.ts
		..\Definitions\SP.UserProfiles.d.ts = ..\Definitions\SP.UserProfiles.d.ts
		..\Definitions\SP.Utilities.d.ts = ..\Definitions\SP.Utilities.d.ts
		..\Definitions\SP.WebParts.d.ts = ..\Definitions\SP.WebParts.d.ts
		..\Definitions\SP.Workflow.d.ts = ..\Definitions\SP.Workflow.d.ts
		..\Definitions\SP.WorkflowServices.d.ts = ..\Definitions\SP.WorkflowServices.d.ts
		..\Definitions\SPAnimation.d.ts = ..\Definitions\SPAnimation.d.ts
		..\Definitions\SPO.d.ts = ..\Definitions\SPO.d.ts
	EndProjectSection
EndProject
Global
	GlobalSection(SolutionConfigurationPlatforms) = preSolution
		Debug|Any CPU = Debug|Any CPU
		Release|Any CPU = Release|Any CPU
	EndGlobalSection
	GlobalSection(ProjectConfigurationPlatforms) = postSolution
		{47065B66-1DF4-4E5D-9D05-A9C4FBE84B65}.Debug|Any CPU.ActiveCfg = Debug|Any CPU
		{47065B66-1DF4-4E5D-9D05-A9C4FBE84B65}.Debug|Any CPU.Build.0 = Debug|Any CPU
		{47065B66-1DF4-4E5D-9D05-A9C4FBE84B65}.Debug|Any CPU.Deploy.0 = Debug|Any CPU
		{47065B66-1DF4-4E5D-9D05-A9C4FBE84B65}.Release|Any CPU.ActiveCfg = Release|Any CPU
		{47065B66-1DF4-4E5D-9D05-A9C4FBE84B65}.Release|Any CPU.Build.0 = Release|Any CPU
		{47065B66-1DF4-4E5D-9D05-A9C4FBE84B65}.Release|Any CPU.Deploy.0 = Release|Any CPU
	EndGlobalSection
	GlobalSection(SolutionProperties) = preSolution
		HideSolutionNode = FALSE
	EndGlobalSection
	GlobalSection(MercurialSourceControlSolutionProperties) = preSolution
		SolutionIsControlled = True
		SolutionBindings = <Solution Location In Database>
	EndGlobalSection
EndGlobal
